
Microsoft Visual Studio Solution File, Format Version 12.00
# Visual Studio 15
VisualStudioVersion = 15.0.28010.2050
MinimumVisualStudioVersion = 10.0.40219.1
Project("{FAE04EC0-301F-11D3-BF4B-00C04F79EFBC}") = "GrzeEngine", "GrzeEngine\GrzeEngine.csproj", "{641ACA93-481A-40B6-973A-8C5C92F3FDEE}"
EndProject
Global
	GlobalSection(SolutionConfigurationPlatforms) = preSolution
		Debug|Any CPU = Debug|Any CPU
		Release|Any CPU = Release|Any CPU
	EndGlobalSection
	GlobalSection(ProjectConfigurationPlatforms) = postSolution
		{641ACA93-481A-40B6-973A-8C5C92F3FDEE}.Debug|Any CPU.ActiveCfg = Debug|Any CPU
		{641ACA93-481A-40B6-973A-8C5C92F3FDEE}.Debug|Any CPU.Build.0 = Debug|Any CPU
		{641ACA93-481A-40B6-973A-8C5C92F3FDEE}.Release|Any CPU.ActiveCfg = Release|Any CPU
		{641ACA93-481A-40B6-973A-8C5C92F3FDEE}.Release|Any CPU.Build.0 = Release|Any CPU
	EndGlobalSection
	GlobalSection(SolutionProperties) = preSolution
		HideSolutionNode = FALSE
	EndGlobalSection
	GlobalSection(ExtensibilityGlobals) = postSolution
		SolutionGuid = {4C7E60E0-A309-4EA3-81A4-B2212EA649DA}
	EndGlobalSection
EndGlobal
